// !$*UTF8*$!
{
	archiveVersion = 1;
	classes = {
	};
	objectVersion = 46;
	objects = {

/* Begin PBXBuildFile section */
		512467FF194D1F4CF62C694A /* libPods-Recording.a in Frameworks */ = {isa = PBXBuildFile; fileRef = 0B582A6DB3F4745C436E3349 /* libPods-Recording.a */; };
		CF117D261CC3481D00C18FE4 /* GoogleService-Info .plist in Resources */ = {isa = PBXBuildFile; fileRef = CF117D251CC3481D00C18FE4 /* GoogleService-Info .plist */; };
		CF167C5B1CC2629100151BBD /* AppDelegate.swift in Sources */ = {isa = PBXBuildFile; fileRef = CF167C5A1CC2629100151BBD /* AppDelegate.swift */; };
		CF167C5D1CC2629100151BBD /* ViewController.swift in Sources */ = {isa = PBXBuildFile; fileRef = CF167C5C1CC2629100151BBD /* ViewController.swift */; };
		CF167C601CC2629100151BBD /* Main.storyboard in Resources */ = {isa = PBXBuildFile; fileRef = CF167C5E1CC2629100151BBD /* Main.storyboard */; };
		CF167C621CC2629100151BBD /* Assets.xcassets in Resources */ = {isa = PBXBuildFile; fileRef = CF167C611CC2629100151BBD /* Assets.xcassets */; };
		CF167C651CC2629100151BBD /* LaunchScreen.storyboard in Resources */ = {isa = PBXBuildFile; fileRef = CF167C631CC2629100151BBD /* LaunchScreen.storyboard */; };
/* End PBXBuildFile section */

/* Begin PBXFileReference section */
		060D19AE65624B4982B38ED2 /* Pods-Recording.release.xcconfig */ = {isa = PBXFileReference; includeInIndex = 1; lastKnownFileType = text.xcconfig; name = "Pods-Recording.release.xcconfig"; path = "Pods/Target Support Files/Pods-Recording/Pods-Recording.release.xcconfig"; sourceTree = "<group>"; };
		090B0967ACEDACE5F2725CCC /* Pods-Recording.debug.xcconfig */ = {isa = PBXFileReference; includeInIndex = 1; lastKnownFileType = text.xcconfig; name = "Pods-Recording.debug.xcconfig"; path = "Pods/Target Support Files/Pods-Recording/Pods-Recording.debug.xcconfig"; sourceTree = "<group>"; };
		0B582A6DB3F4745C436E3349 /* libPods-Recording.a */ = {isa = PBXFileReference; explicitFileType = archive.ar; includeInIndex = 0; path = "libPods-Recording.a"; sourceTree = BUILT_PRODUCTS_DIR; };
		CF117D251CC3481D00C18FE4 /* GoogleService-Info .plist */ = {isa = PBXFileReference; fileEncoding = 4; lastKnownFileType = text.plist.xml; path = "GoogleService-Info .plist"; sourceTree = "<group>"; };
		CF117D271CC34B7700C18FE4 /* Recording-Bridging-Header.h */ = {isa = PBXFileReference; lastKnownFileType = sourcecode.c.h; path = "Recording-Bridging-Header.h"; sourceTree = "<group>"; };
		CF167C571CC2629100151BBD /* Recording.app */ = {isa = PBXFileReference; explicitFileType = wrapper.application; includeInIndex = 0; path = Recording.app; sourceTree = BUILT_PRODUCTS_DIR; };
		CF167C5A1CC2629100151BBD /* AppDelegate.swift */ = {isa = PBXFileReference; lastKnownFileType = sourcecode.swift; path = AppDelegate.swift; sourceTree = "<group>"; };
		CF167C5C1CC2629100151BBD /* ViewController.swift */ = {isa = PBXFileReference; lastKnownFileType = sourcecode.swift; path = ViewController.swift; sourceTree = "<group>"; };
		CF167C5F1CC2629100151BBD /* Base */ = {isa = PBXFileReference; lastKnownFileType = file.storyboard; name = Base; path = Base.lproj/Main.storyboard; sourceTree = "<group>"; };
		CF167C611CC2629100151BBD /* Assets.xcassets */ = {isa = PBXFileReference; lastKnownFileType = folder.assetcatalog; path = Assets.xcassets; sourceTree = "<group>"; };
		CF167C641CC2629100151BBD /* Base */ = {isa = PBXFileReference; lastKnownFileType = file.storyboard; name = Base; path = Base.lproj/LaunchScreen.storyboard; sourceTree = "<group>"; };
		CF167C661CC2629100151BBD /* Info.plist */ = {isa = PBXFileReference; lastKnownFileType = text.plist.xml; path = Info.plist; sourceTree = "<group>"; };
/* End PBXFileReference section */

/* Begin PBXFrameworksBuildPhase section */
		CF167C541CC2629100151BBD /* Frameworks */ = {
			isa = PBXFrameworksBuildPhase;
			buildActionMask = 2147483647;
			files = (
				512467FF194D1F4CF62C694A /* libPods-Recording.a in Frameworks */,
			);
			runOnlyForDeploymentPostprocessing = 0;
		};
/* End PBXFrameworksBuildPhase section */

/* Begin PBXGroup section */
		A52E7657DDDF57462DAC9C8C /* Pods */ = {
			isa = PBXGroup;
			children = (
				090B0967ACEDACE5F2725CCC /* Pods-Recording.debug.xcconfig */,
				060D19AE65624B4982B38ED2 /* Pods-Recording.release.xcconfig */,
			);
			name = Pods;
			sourceTree = "<group>";
		};
		CF167C4E1CC2629100151BBD = {
			isa = PBXGroup;
			children = (
				CF167C591CC2629100151BBD /* Recording */,
				CF167C581CC2629100151BBD /* Products */,
				A52E7657DDDF57462DAC9C8C /* Pods */,
				DE8BAE12A6B05DB524FB2881 /* Frameworks */,
			);
			sourceTree = "<group>";
		};
		CF167C581CC2629100151BBD /* Products */ = {
			isa = PBXGroup;
			children = (
				CF167C571CC2629100151BBD /* Recording.app */,
			);
			name = Products;
			sourceTree = "<group>";
		};
		CF167C591CC2629100151BBD /* Recording */ = {
			isa = PBXGroup;
			children = (
				CF167C5A1CC2629100151BBD /* AppDelegate.swift */,
				CF167C5C1CC2629100151BBD /* ViewController.swift */,
				CF167C5E1CC2629100151BBD /* Main.storyboard */,
				CF167C611CC2629100151BBD /* Assets.xcassets */,
				CF167C631CC2629100151BBD /* LaunchScreen.storyboard */,
				CF117D251CC3481D00C18FE4 /* GoogleService-Info .plist */,
				CF167C661CC2629100151BBD /* Info.plist */,
				CF117D271CC34B7700C18FE4 /* Recording-Bridging-Header.h */,
			);
			path = Recording;
			sourceTree = "<group>";
		};
		DE8BAE12A6B05DB524FB2881 /* Frameworks */ = {
			isa = PBXGroup;
			children = (
				0B582A6DB3F4745C436E3349 /* libPods-Recording.a */,
			);
			name = Frameworks;
			sourceTree = "<group>";
		};
/* End PBXGroup section */

/* Begin PBXNativeTarget section */
		CF167C561CC2629100151BBD /* Recording */ = {
			isa = PBXNativeTarget;
			buildConfigurationList = CF167C691CC2629100151BBD /* Build configuration list for PBXNativeTarget "Recording" */;
			buildPhases = (
				B3F55A95548FD1F82BBDA4B7 /* Check Pods Manifest.lock */,
				CF167C531CC2629100151BBD /* Sources */,
				CF167C541CC2629100151BBD /* Frameworks */,
				CF167C551CC2629100151BBD /* Resources */,
				527E0A0F406344934F8B56DB /* Embed Pods Frameworks */,
				73108ECAF562BD23F759A02A /* Copy Pods Resources */,
			);
			buildRules = (
			);
			dependencies = (
			);
			name = Recording;
			productName = Recording;
			productReference = CF167C571CC2629100151BBD /* Recording.app */;
			productType = "com.apple.product-type.application";
		};
/* End PBXNativeTarget section */

/* Begin PBXProject section */
		CF167C4F1CC2629100151BBD /* Project object */ = {
			isa = PBXProject;
			attributes = {
				LastSwiftUpdateCheck = 0730;
				LastUpgradeCheck = 0730;
				ORGANIZATIONNAME = shunichi.tanaka;
				TargetAttributes = {
					CF167C561CC2629100151BBD = {
						CreatedOnToolsVersion = 7.3;
					};
				};
			};
			buildConfigurationList = CF167C521CC2629100151BBD /* Build configuration list for PBXProject "Recording" */;
			compatibilityVersion = "Xcode 3.2";
			developmentRegion = English;
			hasScannedForEncodings = 0;
			knownRegions = (
				en,
				Base,
			);
			mainGroup = CF167C4E1CC2629100151BBD;
			productRefGroup = CF167C581CC2629100151BBD /* Products */;
			projectDirPath = "";
			projectRoot = "";
			targets = (
				CF167C561CC2629100151BBD /* Recording */,
			);
		};
/* End PBXProject section */

/* Begin PBXResourcesBuildPhase section */
		CF167C551CC2629100151BBD /* Resources */ = {
			isa = PBXResourcesBuildPhase;
			buildActionMask = 2147483647;
			files = (
				CF167C651CC2629100151BBD /* LaunchScreen.storyboard in Resources */,
				CF167C621CC2629100151BBD /* Assets.xcassets in Resources */,
				CF117D261CC3481D00C18FE4 /* GoogleService-Info .plist in Resources */,
				CF167C601CC2629100151BBD /* Main.storyboard in Resources */,
			);
			runOnlyForDeploymentPostprocessing = 0;
		};
/* End PBXResourcesBuildPhase section */

/* Begin PBXShellScriptBuildPhase section */
		527E0A0F406344934F8B56DB /* Embed Pods Frameworks */ = {
			isa = PBXShellScriptBuildPhase;
			buildActionMask = 2147483647;
			files = (
			);
			inputPaths = (
			);
			name = "Embed Pods Frameworks";
			outputPaths = (
			);
			runOnlyForDeploymentPostprocessing = 0;
			shellPath = /bin/sh;
			shellScript = "\"${SRCROOT}/Pods/Target Support Files/Pods-Recording/Pods-Recording-frameworks.sh\"\n";
			showEnvVarsInLog = 0;
		};
		73108ECAF562BD23F759A02A /* Copy Pods Resources */ = {
			isa = PBXShellScriptBuildPhase;
			buildActionMask = 2147483647;
			files = (
			);
			inputPaths = (
			);
			name = "Copy Pods Resources";
			outputPaths = (
			);
			runOnlyForDeploymentPostprocessing = 0;
			shellPath = /bin/sh;
			shellScript = "\"${SRCROOT}/Pods/Target Support Files/Pods-Recording/Pods-Recording-resources.sh\"\n";
			showEnvVarsInLog = 0;
		};
		B3F55A95548FD1F82BBDA4B7 /* Check Pods Manifest.lock */ = {
			isa = PBXShellScriptBuildPhase;
			buildActionMask = 2147483647;
			files = (
			);
			inputPaths = (
			);
			name = "Check Pods Manifest.lock";
			outputPaths = (
			);
			runOnlyForDeploymentPostprocessing = 0;
			shellPath = /bin/sh;
			shellScript = "diff \"${PODS_ROOT}/../Podfile.lock\" \"${PODS_ROOT}/Manifest.lock\" > /dev/null\nif [[ $? != 0 ]] ; then\n    cat << EOM\nerror: The sandbox is not in sync with the Podfile.lock. Run 'pod install' or update your CocoaPods installation.\nEOM\n    exit 1\nfi\n";
			showEnvVarsInLog = 0;
		};
/* End PBXShellScriptBuildPhase section */

/* Begin PBXSourcesBuildPhase section */
		CF167C531CC2629100151BBD /* Sources */ = {
			isa = PBXSourcesBuildPhase;
			buildActionMask = 2147483647;
			files = (
				CF167C5D1CC2629100151BBD /* ViewController.swift in Sources */,
				CF167C5B1CC2629100151BBD /* AppDelegate.swift in Sources */,
			);
			runOnlyForDeploymentPostprocessing = 0;
		};
/* End PBXSourcesBuildPhase section */

/* Begin PBXVariantGroup section */
		CF167C5E1CC2629100151BBD /* Main.storyboard */ = {
			isa = PBXVariantGroup;
			children = (
				CF167C5F1CC2629100151BBD /* Base */,
			);
			name = Main.storyboard;
			sourceTree = "<group>";
		};
		CF167C631CC2629100151BBD /* LaunchScreen.storyboard */ = {
			isa = PBXVariantGroup;
			children = (
				CF167C641CC2629100151BBD /* Base */,
			);
			name = LaunchScreen.storyboard;
			sourceTree = "<group>";
		};
/* End PBXVariantGroup section */

/* Begin XCBuildConfiguration section */
		CF167C671CC2629100151BBD /* Debug */ = {
			isa = XCBuildConfiguration;
			buildSettings = {
				ALWAYS_SEARCH_USER_PATHS = NO;
				CLANG_ANALYZER_NONNULL = YES;
				CLANG_CXX_LANGUAGE_STANDARD = "gnu++0x";
				CLANG_CXX_LIBRARY = "libc++";
				CLANG_ENABLE_MODULES = YES;
				CLANG_ENABLE_OBJC_ARC = YES;
				CLANG_WARN_BOOL_CONVERSION = YES;
				CLANG_WARN_CONSTANT_CONVERSION = YES;
				CLANG_WARN_DIRECT_OBJC_ISA_USAGE = YES_ERROR;
				CLANG_WARN_EMPTY_BODY = YES;
				CLANG_WARN_ENUM_CONVERSION = YES;
				CLANG_WARN_INT_CONVERSION = YES;
				CLANG_WARN_OBJC_ROOT_CLASS = YES_ERROR;
				CLANG_WARN_UNREACHABLE_CODE = YES;
				CLANG_WARN__DUPLICATE_METHOD_MATCH = YES;
				"CODE_SIGN_IDENTITY[sdk=iphoneos*]" = "iPhone Developer";
				COPY_PHASE_STRIP = NO;
				DEBUG_INFORMATION_FORMAT = dwarf;
				ENABLE_STRICT_OBJC_MSGSEND = YES;
				ENABLE_TESTABILITY = YES;
				GCC_C_LANGUAGE_STANDARD = gnu99;
				GCC_DYNAMIC_NO_PIC = NO;
				GCC_NO_COMMON_BLOCKS = YES;
				GCC_OPTIMIZATION_LEVEL = 0;
				GCC_PREPROCESSOR_DEFINITIONS = (
					"DEBUG=1",
					"$(inherited)",
				);
				GCC_WARN_64_TO_32_BIT_CONVERSION = YES;
				GCC_WARN_ABOUT_RETURN_TYPE = YES_ERROR;
				GCC_WARN_UNDECLARED_SELECTOR = YES;
				GCC_WARN_UNINITIALIZED_AUTOS = YES_AGGRESSIVE;
				GCC_WARN_UNUSED_FUNCTION = YES;
				GCC_WARN_UNUSED_VARIABLE = YES;
				IPHONEOS_DEPLOYMENT_TARGET = 9.3;
				MTL_ENABLE_DEBUG_INFO = YES;
				ONLY_ACTIVE_ARCH = YES;
				SDKROOT = iphoneos;
				SWIFT_OPTIMIZATION_LEVEL = "-Onone";
			};
			name = Debug;
		};
		CF167C681CC2629100151BBD /* Release */ = {
			isa = XCBuildConfiguration;
			buildSettings = {
				ALWAYS_SEARCH_USER_PATHS = NO;
				CLANG_ANALYZER_NONNULL = YES;
				CLANG_CXX_LANGUAGE_STANDARD = "gnu++0x";
				CLANG_CXX_LIBRARY = "libc++";
				CLANG_ENABLE_MODULES = YES;
				CLANG_ENABLE_OBJC_ARC = YES;
				CLANG_WARN_BOOL_CONVERSION = YES;
				CLANG_WARN_CONSTANT_CONVERSION = YES;
				CLANG_WARN_DIRECT_OBJC_ISA_USAGE = YES_ERROR;
				CLANG_WARN_EMPTY_BODY = YES;
				CLANG_WARN_ENUM_CONVERSION = YES;
				CLANG_WARN_INT_CONVERSION = YES;
				CLANG_WARN_OBJC_ROOT_CLASS = YES_ERROR;
				CLANG_WARN_UNREACHABLE_CODE = YES;
				CLANG_WARN__DUPLICATE_METHOD_MATCH = YES;
				"CODE_SIGN_IDENTITY[sdk=iphoneos*]" = "iPhone Developer";
				COPY_PHASE_STRIP = NO;
				DEBUG_INFORMATION_FORMAT = "dwarf-with-dsym";
				ENABLE_NS_ASSERTIONS = NO;
				ENABLE_STRICT_OBJC_MSGSEND = YES;
				GCC_C_LANGUAGE_STANDARD = gnu99;
				GCC_NO_COMMON_BLOCKS = YES;
				GCC_WARN_64_TO_32_BIT_CONVERSION = YES;
				GCC_WARN_ABOUT_RETURN_TYPE = YES_ERROR;
				GCC_WARN_UNDECLARED_SELECTOR = YES;
				GCC_WARN_UNINITIALIZED_AUTOS = YES_AGGRESSIVE;
				GCC_WARN_UNUSED_FUNCTION = YES;
				GCC_WARN_UNUSED_VARIABLE = YES;
				IPHONEOS_DEPLOYMENT_TARGET = 9.3;
				MTL_ENABLE_DEBUG_INFO = NO;
				SDKROOT = iphoneos;
				VALIDATE_PRODUCT = YES;
			};
			name = Release;
		};
		CF167C6A1CC2629100151BBD /* Debug */ = {
			isa = XCBuildConfiguration;
			baseConfigurationReference = 090B0967ACEDACE5F2725CCC /* Pods-Recording.debug.xcconfig */;
			buildSettings = {
				ASSETCATALOG_COMPILER_APPICON_NAME = AppIcon;
				CLANG_ENABLE_MODULES = YES;
				INFOPLIST_FILE = Recording/Info.plist;
				LD_RUNPATH_SEARCH_PATHS = "$(inherited) @executable_path/Frameworks";
				PRODUCT_BUNDLE_IDENTIFIER = "shunichi.tanaka.Listen-4U";
				PRODUCT_NAME = "$(TARGET_NAME)";
				SWIFT_OBJC_BRIDGING_HEADER = "Recording/Recording-Bridging-Header.h";
				SWIFT_OPTIMIZATION_LEVEL = "-Onone";
			};
			name = Debug;
		};
		CF167C6B1CC2629100151BBD /* Release */ = {
			isa = XCBuildConfiguration;
			baseConfigurationReference = 060D19AE65624B4982B38ED2 /* Pods-Recording.release.xcconfig */;
			buildSettings = {
				ASSETCATALOG_COMPILER_APPICON_NAME = AppIcon;
				CLANG_ENABLE_MODULES = YES;
				INFOPLIST_FILE = Recording/Info.plist;
				LD_RUNPATH_SEARCH_PATHS = "$(inherited) @executable_path/Frameworks";
				PRODUCT_BUNDLE_IDENTIFIER = "shunichi.tanaka.Listen-4U";
				PRODUCT_NAME = "$(TARGET_NAME)";
				SWIFT_OBJC_BRIDGING_HEADER = "Recording/Recording-Bridging-Header.h";
			};
			name = Release;
		};
/* End XCBuildConfiguration section */

/* Begin XCConfigurationList section */
		CF167C521CC2629100151BBD /* Build configuration list for PBXProject "Recording" */ = {
			isa = XCConfigurationList;
			buildConfigurations = (
				CF167C671CC2629100151BBD /* Debug */,
				CF167C681CC2629100151BBD /* Release */,
			);
			defaultConfigurationIsVisible = 0;
			defaultConfigurationName = Release;
		};
		CF167C691CC2629100151BBD /* Build configuration list for PBXNativeTarget "Recording" */ = {
			isa = XCConfigurationList;
			buildConfigurations = (
				CF167C6A1CC2629100151BBD /* Debug */,
				CF167C6B1CC2629100151BBD /* Release */,
			);
			defaultConfigurationIsVisible = 0;
			defaultConfigurationName = Release;
		};
/* End XCConfigurationList section */
	};
	rootObject = CF167C4F1CC2629100151BBD /* Project object */;
}
